// !$*UTF8*$!
{
	archiveVersion = 1;
	classes = {
	};
	objectVersion = 55;
	objects = {

/* Begin PBXBuildFile section */
		D120035B29B3FCA400EE579B /* AppDelegate.swift in Sources */ = {isa = PBXBuildFile; fileRef = D120035A29B3FCA400EE579B /* AppDelegate.swift */; };
		D120035D29B3FCA400EE579B /* SceneDelegate.swift in Sources */ = {isa = PBXBuildFile; fileRef = D120035C29B3FCA400EE579B /* SceneDelegate.swift */; };
		D120035F29B3FCA400EE579B /* ViewController.swift in Sources */ = {isa = PBXBuildFile; fileRef = D120035E29B3FCA400EE579B /* ViewController.swift */; };
		D120036229B3FCA400EE579B /* Main.storyboard in Resources */ = {isa = PBXBuildFile; fileRef = D120036029B3FCA400EE579B /* Main.storyboard */; };
		D120036429B3FCA500EE579B /* Assets.xcassets in Resources */ = {isa = PBXBuildFile; fileRef = D120036329B3FCA500EE579B /* Assets.xcassets */; };
		D120036729B3FCA500EE579B /* LaunchScreen.storyboard in Resources */ = {isa = PBXBuildFile; fileRef = D120036529B3FCA500EE579B /* LaunchScreen.storyboard */; };
		D120037229B3FCA500EE579B /* Models_PracticalTests.swift in Sources */ = {isa = PBXBuildFile; fileRef = D120037129B3FCA500EE579B /* Models_PracticalTests.swift */; };
		D120037C29B3FCA500EE579B /* Models_PracticalUITests.swift in Sources */ = {isa = PBXBuildFile; fileRef = D120037B29B3FCA500EE579B /* Models_PracticalUITests.swift */; };
		D120037E29B3FCA500EE579B /* Models_PracticalUITestsLaunchTests.swift in Sources */ = {isa = PBXBuildFile; fileRef = D120037D29B3FCA500EE579B /* Models_PracticalUITestsLaunchTests.swift */; };
		D120038E29B3FD7900EE579B /* test2.json in Resources */ = {isa = PBXBuildFile; fileRef = D120038C29B3FD7900EE579B /* test2.json */; };
		D120038F29B3FD7900EE579B /* test1.json in Resources */ = {isa = PBXBuildFile; fileRef = D120038D29B3FD7900EE579B /* test1.json */; };
		D120039129B3FDB900EE579B /* test3.json in Resources */ = {isa = PBXBuildFile; fileRef = D120039029B3FDB900EE579B /* test3.json */; };
		D120039329B4678E00EE579B /* PastryProduct.swift in Sources */ = {isa = PBXBuildFile; fileRef = D120039229B4678E00EE579B /* PastryProduct.swift */; };
		D120039529B4691E00EE579B /* Hospital.swift in Sources */ = {isa = PBXBuildFile; fileRef = D120039429B4691E00EE579B /* Hospital.swift */; };
		D120039729B469AC00EE579B /* Book.swift in Sources */ = {isa = PBXBuildFile; fileRef = D120039629B469AC00EE579B /* Book.swift */; };
		D120039A29B46ADC00EE579B /* RandomUser.swift in Sources */ = {isa = PBXBuildFile; fileRef = D120039929B46ADC00EE579B /* RandomUser.swift */; };
		D120039D29B46B4D00EE579B /* GetRandomUserService.swift in Sources */ = {isa = PBXBuildFile; fileRef = D120039C29B46B4D00EE579B /* GetRandomUserService.swift */; };
		D1298C7929B46DB600EA9DA9 /* University.swift in Sources */ = {isa = PBXBuildFile; fileRef = D1298C7829B46DB600EA9DA9 /* University.swift */; };
		D1298C7B29B4714300EA9DA9 /* GetUniversitiesService.swift in Sources */ = {isa = PBXBuildFile; fileRef = D1298C7A29B4714300EA9DA9 /* GetUniversitiesService.swift */; };
/* End PBXBuildFile section */

/* Begin PBXContainerItemProxy section */
		D120036E29B3FCA500EE579B /* PBXContainerItemProxy */ = {
			isa = PBXContainerItemProxy;
			containerPortal = D120034F29B3FCA400EE579B /* Project object */;
			proxyType = 1;
			remoteGlobalIDString = D120035629B3FCA400EE579B;
			remoteInfo = "Models Practical";
		};
		D120037829B3FCA500EE579B /* PBXContainerItemProxy */ = {
			isa = PBXContainerItemProxy;
			containerPortal = D120034F29B3FCA400EE579B /* Project object */;
			proxyType = 1;
			remoteGlobalIDString = D120035629B3FCA400EE579B;
			remoteInfo = "Models Practical";
		};
/* End PBXContainerItemProxy section */

/* Begin PBXFileReference section */
		D120035729B3FCA400EE579B /* Models Practical.app */ = {isa = PBXFileReference; explicitFileType = wrapper.application; includeInIndex = 0; path = "Models Practical.app"; sourceTree = BUILT_PRODUCTS_DIR; };
		D120035A29B3FCA400EE579B /* AppDelegate.swift */ = {isa = PBXFileReference; lastKnownFileType = sourcecode.swift; path = AppDelegate.swift; sourceTree = "<group>"; };
		D120035C29B3FCA400EE579B /* SceneDelegate.swift */ = {isa = PBXFileReference; lastKnownFileType = sourcecode.swift; path = SceneDelegate.swift; sourceTree = "<group>"; };
		D120035E29B3FCA400EE579B /* ViewController.swift */ = {isa = PBXFileReference; lastKnownFileType = sourcecode.swift; path = ViewController.swift; sourceTree = "<group>"; };
		D120036129B3FCA400EE579B /* Base */ = {isa = PBXFileReference; lastKnownFileType = file.storyboard; name = Base; path = Base.lproj/Main.storyboard; sourceTree = "<group>"; };
		D120036329B3FCA500EE579B /* Assets.xcassets */ = {isa = PBXFileReference; lastKnownFileType = folder.assetcatalog; path = Assets.xcassets; sourceTree = "<group>"; };
		D120036629B3FCA500EE579B /* Base */ = {isa = PBXFileReference; lastKnownFileType = file.storyboard; name = Base; path = Base.lproj/LaunchScreen.storyboard; sourceTree = "<group>"; };
		D120036829B3FCA500EE579B /* Info.plist */ = {isa = PBXFileReference; lastKnownFileType = text.plist.xml; path = Info.plist; sourceTree = "<group>"; };
		D120036D29B3FCA500EE579B /* Models PracticalTests.xctest */ = {isa = PBXFileReference; explicitFileType = wrapper.cfbundle; includeInIndex = 0; path = "Models PracticalTests.xctest"; sourceTree = BUILT_PRODUCTS_DIR; };
		D120037129B3FCA500EE579B /* Models_PracticalTests.swift */ = {isa = PBXFileReference; lastKnownFileType = sourcecode.swift; path = Models_PracticalTests.swift; sourceTree = "<group>"; };
		D120037729B3FCA500EE579B /* Models PracticalUITests.xctest */ = {isa = PBXFileReference; explicitFileType = wrapper.cfbundle; includeInIndex = 0; path = "Models PracticalUITests.xctest"; sourceTree = BUILT_PRODUCTS_DIR; };
		D120037B29B3FCA500EE579B /* Models_PracticalUITests.swift */ = {isa = PBXFileReference; lastKnownFileType = sourcecode.swift; path = Models_PracticalUITests.swift; sourceTree = "<group>"; };
		D120037D29B3FCA500EE579B /* Models_PracticalUITestsLaunchTests.swift */ = {isa = PBXFileReference; lastKnownFileType = sourcecode.swift; path = Models_PracticalUITestsLaunchTests.swift; sourceTree = "<group>"; };
		D120038C29B3FD7900EE579B /* test2.json */ = {isa = PBXFileReference; fileEncoding = 4; lastKnownFileType = text.json; path = test2.json; sourceTree = "<group>"; };
		D120038D29B3FD7900EE579B /* test1.json */ = {isa = PBXFileReference; fileEncoding = 4; lastKnownFileType = text.json; path = test1.json; sourceTree = "<group>"; };
		D120039029B3FDB900EE579B /* test3.json */ = {isa = PBXFileReference; fileEncoding = 4; lastKnownFileType = text.json; path = test3.json; sourceTree = "<group>"; };
		D120039229B4678E00EE579B /* PastryProduct.swift */ = {isa = PBXFileReference; lastKnownFileType = sourcecode.swift; path = PastryProduct.swift; sourceTree = "<group>"; };
		D120039429B4691E00EE579B /* Hospital.swift */ = {isa = PBXFileReference; lastKnownFileType = sourcecode.swift; path = Hospital.swift; sourceTree = "<group>"; };
		D120039629B469AC00EE579B /* Book.swift */ = {isa = PBXFileReference; lastKnownFileType = sourcecode.swift; path = Book.swift; sourceTree = "<group>"; };
		D120039929B46ADC00EE579B /* RandomUser.swift */ = {isa = PBXFileReference; lastKnownFileType = sourcecode.swift; path = RandomUser.swift; sourceTree = "<group>"; };
		D120039C29B46B4D00EE579B /* GetRandomUserService.swift */ = {isa = PBXFileReference; lastKnownFileType = sourcecode.swift; path = GetRandomUserService.swift; sourceTree = "<group>"; };
		D1298C7829B46DB600EA9DA9 /* University.swift */ = {isa = PBXFileReference; lastKnownFileType = sourcecode.swift; path = University.swift; sourceTree = "<group>"; };
		D1298C7A29B4714300EA9DA9 /* GetUniversitiesService.swift */ = {isa = PBXFileReference; lastKnownFileType = sourcecode.swift; path = GetUniversitiesService.swift; sourceTree = "<group>"; };
/* End PBXFileReference section */

/* Begin PBXFrameworksBuildPhase section */
		D120035429B3FCA400EE579B /* Frameworks */ = {
			isa = PBXFrameworksBuildPhase;
			buildActionMask = 2147483647;
			files = (
			);
			runOnlyForDeploymentPostprocessing = 0;
		};
		D120036A29B3FCA500EE579B /* Frameworks */ = {
			isa = PBXFrameworksBuildPhase;
			buildActionMask = 2147483647;
			files = (
			);
			runOnlyForDeploymentPostprocessing = 0;
		};
		D120037429B3FCA500EE579B /* Frameworks */ = {
			isa = PBXFrameworksBuildPhase;
			buildActionMask = 2147483647;
			files = (
			);
			runOnlyForDeploymentPostprocessing = 0;
		};
/* End PBXFrameworksBuildPhase section */

/* Begin PBXGroup section */
		D120034E29B3FCA400EE579B = {
			isa = PBXGroup;
			children = (
				D120035929B3FCA400EE579B /* Models Practical */,
				D120037029B3FCA500EE579B /* Models PracticalTests */,
				D120037A29B3FCA500EE579B /* Models PracticalUITests */,
				D120035829B3FCA400EE579B /* Products */,
			);
			sourceTree = "<group>";
		};
		D120035829B3FCA400EE579B /* Products */ = {
			isa = PBXGroup;
			children = (
				D120035729B3FCA400EE579B /* Models Practical.app */,
				D120036D29B3FCA500EE579B /* Models PracticalTests.xctest */,
				D120037729B3FCA500EE579B /* Models PracticalUITests.xctest */,
			);
			name = Products;
			sourceTree = "<group>";
		};
		D120035929B3FCA400EE579B /* Models Practical */ = {
			isa = PBXGroup;
			children = (
				D120039B29B46B3900EE579B /* NetworkServices */,
				D120038B29B3FD4000EE579B /* JsonFiles */,
				D120038A29B3FD3700EE579B /* Models */,
				D120035A29B3FCA400EE579B /* AppDelegate.swift */,
				D120035C29B3FCA400EE579B /* SceneDelegate.swift */,
				D120035E29B3FCA400EE579B /* ViewController.swift */,
				D120036029B3FCA400EE579B /* Main.storyboard */,
				D120036329B3FCA500EE579B /* Assets.xcassets */,
				D120036529B3FCA500EE579B /* LaunchScreen.storyboard */,
				D120036829B3FCA500EE579B /* Info.plist */,
			);
			path = "Models Practical";
			sourceTree = "<group>";
		};
		D120037029B3FCA500EE579B /* Models PracticalTests */ = {
			isa = PBXGroup;
			children = (
				D120037129B3FCA500EE579B /* Models_PracticalTests.swift */,
			);
			path = "Models PracticalTests";
			sourceTree = "<group>";
		};
		D120037A29B3FCA500EE579B /* Models PracticalUITests */ = {
			isa = PBXGroup;
			children = (
				D120037B29B3FCA500EE579B /* Models_PracticalUITests.swift */,
				D120037D29B3FCA500EE579B /* Models_PracticalUITestsLaunchTests.swift */,
			);
			path = "Models PracticalUITests";
			sourceTree = "<group>";
		};
		D120038A29B3FD3700EE579B /* Models */ = {
			isa = PBXGroup;
			children = (
				D120039829B46ABF00EE579B /* JsonFilesModels */,
				D120039929B46ADC00EE579B /* RandomUser.swift */,
				D1298C7829B46DB600EA9DA9 /* University.swift */,
			);
			path = Models;
			sourceTree = "<group>";
		};
		D120038B29B3FD4000EE579B /* JsonFiles */ = {
			isa = PBXGroup;
			children = (
				D120038D29B3FD7900EE579B /* test1.json */,
				D120038C29B3FD7900EE579B /* test2.json */,
				D120039029B3FDB900EE579B /* test3.json */,
			);
			path = JsonFiles;
			sourceTree = "<group>";
		};
		D120039829B46ABF00EE579B /* JsonFilesModels */ = {
			isa = PBXGroup;
			children = (
				D120039229B4678E00EE579B /* PastryProduct.swift */,
				D120039429B4691E00EE579B /* Hospital.swift */,
				D120039629B469AC00EE579B /* Book.swift */,
			);
			path = JsonFilesModels;
			sourceTree = "<group>";
		};
		D120039B29B46B3900EE579B /* NetworkServices */ = {
			isa = PBXGroup;
			children = (
				D120039C29B46B4D00EE579B /* GetRandomUserService.swift */,
				D1298C7A29B4714300EA9DA9 /* GetUniversitiesService.swift */,
			);
			path = NetworkServices;
			sourceTree = "<group>";
		};
/* End PBXGroup section */

/* Begin PBXNativeTarget section */
		D120035629B3FCA400EE579B /* Models Practical */ = {
			isa = PBXNativeTarget;
			buildConfigurationList = D120038129B3FCA500EE579B /* Build configuration list for PBXNativeTarget "Models Practical" */;
			buildPhases = (
				D120035329B3FCA400EE579B /* Sources */,
				D120035429B3FCA400EE579B /* Frameworks */,
				D120035529B3FCA400EE579B /* Resources */,
			);
			buildRules = (
			);
			dependencies = (
			);
			name = "Models Practical";
			productName = "Models Practical";
			productReference = D120035729B3FCA400EE579B /* Models Practical.app */;
			productType = "com.apple.product-type.application";
		};
		D120036C29B3FCA500EE579B /* Models PracticalTests */ = {
			isa = PBXNativeTarget;
			buildConfigurationList = D120038429B3FCA500EE579B /* Build configuration list for PBXNativeTarget "Models PracticalTests" */;
			buildPhases = (
				D120036929B3FCA500EE579B /* Sources */,
				D120036A29B3FCA500EE579B /* Frameworks */,
				D120036B29B3FCA500EE579B /* Resources */,
			);
			buildRules = (
			);
			dependencies = (
				D120036F29B3FCA500EE579B /* PBXTargetDependency */,
			);
			name = "Models PracticalTests";
			productName = "Models PracticalTests";
			productReference = D120036D29B3FCA500EE579B /* Models PracticalTests.xctest */;
			productType = "com.apple.product-type.bundle.unit-test";
		};
		D120037629B3FCA500EE579B /* Models PracticalUITests */ = {
			isa = PBXNativeTarget;
			buildConfigurationList = D120038729B3FCA500EE579B /* Build configuration list for PBXNativeTarget "Models PracticalUITests" */;
			buildPhases = (
				D120037329B3FCA500EE579B /* Sources */,
				D120037429B3FCA500EE579B /* Frameworks */,
				D120037529B3FCA500EE579B /* Resources */,
			);
			buildRules = (
			);
			dependencies = (
				D120037929B3FCA500EE579B /* PBXTargetDependency */,
			);
			name = "Models PracticalUITests";
			productName = "Models PracticalUITests";
			productReference = D120037729B3FCA500EE579B /* Models PracticalUITests.xctest */;
			productType = "com.apple.product-type.bundle.ui-testing";
		};
/* End PBXNativeTarget section */

/* Begin PBXProject section */
		D120034F29B3FCA400EE579B /* Project object */ = {
			isa = PBXProject;
			attributes = {
				BuildIndependentTargetsInParallel = 1;
				LastSwiftUpdateCheck = 1300;
				LastUpgradeCheck = 1300;
				TargetAttributes = {
					D120035629B3FCA400EE579B = {
						CreatedOnToolsVersion = 13.0;
					};
					D120036C29B3FCA500EE579B = {
						CreatedOnToolsVersion = 13.0;
						TestTargetID = D120035629B3FCA400EE579B;
					};
					D120037629B3FCA500EE579B = {
						CreatedOnToolsVersion = 13.0;
						TestTargetID = D120035629B3FCA400EE579B;
					};
				};
			};
			buildConfigurationList = D120035229B3FCA400EE579B /* Build configuration list for PBXProject "Models Practical" */;
			compatibilityVersion = "Xcode 13.0";
			developmentRegion = en;
			hasScannedForEncodings = 0;
			knownRegions = (
				en,
				Base,
			);
			mainGroup = D120034E29B3FCA400EE579B;
			productRefGroup = D120035829B3FCA400EE579B /* Products */;
			projectDirPath = "";
			projectRoot = "";
			targets = (
				D120035629B3FCA400EE579B /* Models Practical */,
				D120036C29B3FCA500EE579B /* Models PracticalTests */,
				D120037629B3FCA500EE579B /* Models PracticalUITests */,
			);
		};
/* End PBXProject section */

/* Begin PBXResourcesBuildPhase section */
		D120035529B3FCA400EE579B /* Resources */ = {
			isa = PBXResourcesBuildPhase;
			buildActionMask = 2147483647;
			files = (
				D120038E29B3FD7900EE579B /* test2.json in Resources */,
				D120039129B3FDB900EE579B /* test3.json in Resources */,
				D120036729B3FCA500EE579B /* LaunchScreen.storyboard in Resources */,
				D120036429B3FCA500EE579B /* Assets.xcassets in Resources */,
				D120038F29B3FD7900EE579B /* test1.json in Resources */,
				D120036229B3FCA400EE579B /* Main.storyboard in Resources */,
			);
			runOnlyForDeploymentPostprocessing = 0;
		};
		D120036B29B3FCA500EE579B /* Resources */ = {
			isa = PBXResourcesBuildPhase;
			buildActionMask = 2147483647;
			files = (
			);
			runOnlyForDeploymentPostprocessing = 0;
		};
		D120037529B3FCA500EE579B /* Resources */ = {
			isa = PBXResourcesBuildPhase;
			buildActionMask = 2147483647;
			files = (
			);
			runOnlyForDeploymentPostprocessing = 0;
		};
/* End PBXResourcesBuildPhase section */

/* Begin PBXSourcesBuildPhase section */
		D120035329B3FCA400EE579B /* Sources */ = {
			isa = PBXSourcesBuildPhase;
			buildActionMask = 2147483647;
			files = (
				D120035F29B3FCA400EE579B /* ViewController.swift in Sources */,
				D120035B29B3FCA400EE579B /* AppDelegate.swift in Sources */,
				D1298C7929B46DB600EA9DA9 /* University.swift in Sources */,
				D120039729B469AC00EE579B /* Book.swift in Sources */,
				D120039329B4678E00EE579B /* PastryProduct.swift in Sources */,
				D120039529B4691E00EE579B /* Hospital.swift in Sources */,
				D120035D29B3FCA400EE579B /* SceneDelegate.swift in Sources */,
				D120039D29B46B4D00EE579B /* GetRandomUserService.swift in Sources */,
				D1298C7B29B4714300EA9DA9 /* GetUniversitiesService.swift in Sources */,
				D120039A29B46ADC00EE579B /* RandomUser.swift in Sources */,
			);
			runOnlyForDeploymentPostprocessing = 0;
		};
		D120036929B3FCA500EE579B /* Sources */ = {
			isa = PBXSourcesBuildPhase;
			buildActionMask = 2147483647;
			files = (
				D120037229B3FCA500EE579B /* Models_PracticalTests.swift in Sources */,
			);
			runOnlyForDeploymentPostprocessing = 0;
		};
		D120037329B3FCA500EE579B /* Sources */ = {
			isa = PBXSourcesBuildPhase;
			buildActionMask = 2147483647;
			files = (
				D120037E29B3FCA500EE579B /* Models_PracticalUITestsLaunchTests.swift in Sources */,
				D120037C29B3FCA500EE579B /* Models_PracticalUITests.swift in Sources */,
			);
			runOnlyForDeploymentPostprocessing = 0;
		};
/* End PBXSourcesBuildPhase section */

/* Begin PBXTargetDependency section */
		D120036F29B3FCA500EE579B /* PBXTargetDependency */ = {
			isa = PBXTargetDependency;
			target = D120035629B3FCA400EE579B /* Models Practical */;
			targetProxy = D120036E29B3FCA500EE579B /* PBXContainerItemProxy */;
		};
		D120037929B3FCA500EE579B /* PBXTargetDependency */ = {
			isa = PBXTargetDependency;
			target = D120035629B3FCA400EE579B /* Models Practical */;
			targetProxy = D120037829B3FCA500EE579B /* PBXContainerItemProxy */;
		};
/* End PBXTargetDependency section */

/* Begin PBXVariantGroup section */
		D120036029B3FCA400EE579B /* Main.storyboard */ = {
			isa = PBXVariantGroup;
			children = (
				D120036129B3FCA400EE579B /* Base */,
			);
			name = Main.storyboard;
			sourceTree = "<group>";
		};
		D120036529B3FCA500EE579B /* LaunchScreen.storyboard */ = {
			isa = PBXVariantGroup;
			children = (
				D120036629B3FCA500EE579B /* Base */,
			);
			name = LaunchScreen.storyboard;
			sourceTree = "<group>";
		};
/* End PBXVariantGroup section */

/* Begin XCBuildConfiguration section */
		D120037F29B3FCA500EE579B /* Debug */ = {
			isa = XCBuildConfiguration;
			buildSettings = {
				ALWAYS_SEARCH_USER_PATHS = NO;
				CLANG_ANALYZER_NONNULL = YES;
				CLANG_ANALYZER_NUMBER_OBJECT_CONVERSION = YES_AGGRESSIVE;
				CLANG_CXX_LANGUAGE_STANDARD = "gnu++17";
				CLANG_CXX_LIBRARY = "libc++";
				CLANG_ENABLE_MODULES = YES;
				CLANG_ENABLE_OBJC_ARC = YES;
				CLANG_ENABLE_OBJC_WEAK = YES;
				CLANG_WARN_BLOCK_CAPTURE_AUTORELEASING = YES;
				CLANG_WARN_BOOL_CONVERSION = YES;
				CLANG_WARN_COMMA = YES;
				CLANG_WARN_CONSTANT_CONVERSION = YES;
				CLANG_WARN_DEPRECATED_OBJC_IMPLEMENTATIONS = YES;
				CLANG_WARN_DIRECT_OBJC_ISA_USAGE = YES_ERROR;
				CLANG_WARN_DOCUMENTATION_COMMENTS = YES;
				CLANG_WARN_EMPTY_BODY = YES;
				CLANG_WARN_ENUM_CONVERSION = YES;
				CLANG_WARN_INFINITE_RECURSION = YES;
				CLANG_WARN_INT_CONVERSION = YES;
				CLANG_WARN_NON_LITERAL_NULL_CONVERSION = YES;
				CLANG_WARN_OBJC_IMPLICIT_RETAIN_SELF = YES;
				CLANG_WARN_OBJC_LITERAL_CONVERSION = YES;
				CLANG_WARN_OBJC_ROOT_CLASS = YES_ERROR;
				CLANG_WARN_QUOTED_INCLUDE_IN_FRAMEWORK_HEADER = YES;
				CLANG_WARN_RANGE_LOOP_ANALYSIS = YES;
				CLANG_WARN_STRICT_PROTOTYPES = YES;
				CLANG_WARN_SUSPICIOUS_MOVE = YES;
				CLANG_WARN_UNGUARDED_AVAILABILITY = YES_AGGRESSIVE;
				CLANG_WARN_UNREACHABLE_CODE = YES;
				CLANG_WARN__DUPLICATE_METHOD_MATCH = YES;
				COPY_PHASE_STRIP = NO;
				DEBUG_INFORMATION_FORMAT = dwarf;
				ENABLE_STRICT_OBJC_MSGSEND = YES;
				ENABLE_TESTABILITY = YES;
				GCC_C_LANGUAGE_STANDARD = gnu11;
				GCC_DYNAMIC_NO_PIC = NO;
				GCC_NO_COMMON_BLOCKS = YES;
				GCC_OPTIMIZATION_LEVEL = 0;
				GCC_PREPROCESSOR_DEFINITIONS = (
					"DEBUG=1",
					"$(inherited)",
				);
				GCC_WARN_64_TO_32_BIT_CONVERSION = YES;
				GCC_WARN_ABOUT_RETURN_TYPE = YES_ERROR;
				GCC_WARN_UNDECLARED_SELECTOR = YES;
				GCC_WARN_UNINITIALIZED_AUTOS = YES_AGGRESSIVE;
				GCC_WARN_UNUSED_FUNCTION = YES;
				GCC_WARN_UNUSED_VARIABLE = YES;
				IPHONEOS_DEPLOYMENT_TARGET = 15.0;
				MTL_ENABLE_DEBUG_INFO = INCLUDE_SOURCE;
				MTL_FAST_MATH = YES;
				ONLY_ACTIVE_ARCH = YES;
				SDKROOT = iphoneos;
				SWIFT_ACTIVE_COMPILATION_CONDITIONS = DEBUG;
				SWIFT_OPTIMIZATION_LEVEL = "-Onone";
			};
			name = Debug;
		};
		D120038029B3FCA500EE579B /* Release */ = {
			isa = XCBuildConfiguration;
			buildSettings = {
				ALWAYS_SEARCH_USER_PATHS = NO;
				CLANG_ANALYZER_NONNULL = YES;
				CLANG_ANALYZER_NUMBER_OBJECT_CONVERSION = YES_AGGRESSIVE;
				CLANG_CXX_LANGUAGE_STANDARD = "gnu++17";
				CLANG_CXX_LIBRARY = "libc++";
				CLANG_ENABLE_MODULES = YES;
				CLANG_ENABLE_OBJC_ARC = YES;
				CLANG_ENABLE_OBJC_WEAK = YES;
				CLANG_WARN_BLOCK_CAPTURE_AUTORELEASING = YES;
				CLANG_WARN_BOOL_CONVERSION = YES;
				CLANG_WARN_COMMA = YES;
				CLANG_WARN_CONSTANT_CONVERSION = YES;
				CLANG_WARN_DEPRECATED_OBJC_IMPLEMENTATIONS = YES;
				CLANG_WARN_DIRECT_OBJC_ISA_USAGE = YES_ERROR;
				CLANG_WARN_DOCUMENTATION_COMMENTS = YES;
				CLANG_WARN_EMPTY_BODY = YES;
				CLANG_WARN_ENUM_CONVERSION = YES;
				CLANG_WARN_INFINITE_RECURSION = YES;
				CLANG_WARN_INT_CONVERSION = YES;
				CLANG_WARN_NON_LITERAL_NULL_CONVERSION = YES;
				CLANG_WARN_OBJC_IMPLICIT_RETAIN_SELF = YES;
				CLANG_WARN_OBJC_LITERAL_CONVERSION = YES;
				CLANG_WARN_OBJC_ROOT_CLASS = YES_ERROR;
				CLANG_WARN_QUOTED_INCLUDE_IN_FRAMEWORK_HEADER = YES;
				CLANG_WARN_RANGE_LOOP_ANALYSIS = YES;
				CLANG_WARN_STRICT_PROTOTYPES = YES;
				CLANG_WARN_SUSPICIOUS_MOVE = YES;
				CLANG_WARN_UNGUARDED_AVAILABILITY = YES_AGGRESSIVE;
				CLANG_WARN_UNREACHABLE_CODE = YES;
				CLANG_WARN__DUPLICATE_METHOD_MATCH = YES;
				COPY_PHASE_STRIP = NO;
				DEBUG_INFORMATION_FORMAT = "dwarf-with-dsym";
				ENABLE_NS_ASSERTIONS = NO;
				ENABLE_STRICT_OBJC_MSGSEND = YES;
				GCC_C_LANGUAGE_STANDARD = gnu11;
				GCC_NO_COMMON_BLOCKS = YES;
				GCC_WARN_64_TO_32_BIT_CONVERSION = YES;
				GCC_WARN_ABOUT_RETURN_TYPE = YES_ERROR;
				GCC_WARN_UNDECLARED_SELECTOR = YES;
				GCC_WARN_UNINITIALIZED_AUTOS = YES_AGGRESSIVE;
				GCC_WARN_UNUSED_FUNCTION = YES;
				GCC_WARN_UNUSED_VARIABLE = YES;
				IPHONEOS_DEPLOYMENT_TARGET = 15.0;
				MTL_ENABLE_DEBUG_INFO = NO;
				MTL_FAST_MATH = YES;
				SDKROOT = iphoneos;
				SWIFT_COMPILATION_MODE = wholemodule;
				SWIFT_OPTIMIZATION_LEVEL = "-O";
				VALIDATE_PRODUCT = YES;
			};
			name = Release;
		};
		D120038229B3FCA500EE579B /* Debug */ = {
			isa = XCBuildConfiguration;
			buildSettings = {
				ASSETCATALOG_COMPILER_APPICON_NAME = AppIcon;
				ASSETCATALOG_COMPILER_GLOBAL_ACCENT_COLOR_NAME = AccentColor;
				CODE_SIGN_STYLE = Automatic;
				CURRENT_PROJECT_VERSION = 1;
				DEVELOPMENT_TEAM = XG7JRH745R;
				GENERATE_INFOPLIST_FILE = YES;
				INFOPLIST_FILE = "Models Practical/Info.plist";
				INFOPLIST_KEY_UIApplicationSupportsIndirectInputEvents = YES;
				INFOPLIST_KEY_UILaunchStoryboardName = LaunchScreen;
				INFOPLIST_KEY_UIMainStoryboardFile = Main;
				INFOPLIST_KEY_UISupportedInterfaceOrientations_iPad = "UIInterfaceOrientationPortrait UIInterfaceOrientationPortraitUpsideDown UIInterfaceOrientationLandscapeLeft UIInterfaceOrientationLandscapeRight";
				INFOPLIST_KEY_UISupportedInterfaceOrientations_iPhone = "UIInterfaceOrientationPortrait UIInterfaceOrientationLandscapeLeft UIInterfaceOrientationLandscapeRight";
				LD_RUNPATH_SEARCH_PATHS = (
					"$(inherited)",
					"@executable_path/Frameworks",
				);
				MARKETING_VERSION = 1.0;
				PRODUCT_BUNDLE_IDENTIFIER = "Kuda-Zata.Models-Practical";
				PRODUCT_NAME = "$(TARGET_NAME)";
				SWIFT_EMIT_LOC_STRINGS = YES;
				SWIFT_VERSION = 5.0;
				TARGETED_DEVICE_FAMILY = "1,2";
			};
			name = Debug;
		};
		D120038329B3FCA500EE579B /* Release */ = {
			isa = XCBuildConfiguration;
			buildSettings = {
				ASSETCATALOG_COMPILER_APPICON_NAME = AppIcon;
				ASSETCATALOG_COMPILER_GLOBAL_ACCENT_COLOR_NAME = AccentColor;
				CODE_SIGN_STYLE = Automatic;
				CURRENT_PROJECT_VERSION = 1;
				DEVELOPMENT_TEAM = XG7JRH745R;
				GENERATE_INFOPLIST_FILE = YES;
				INFOPLIST_FILE = "Models Practical/Info.plist";
				INFOPLIST_KEY_UIApplicationSupportsIndirectInputEvents = YES;
				INFOPLIST_KEY_UILaunchStoryboardName = LaunchScreen;
				INFOPLIST_KEY_UIMainStoryboardFile = Main;
				INFOPLIST_KEY_UISupportedInterfaceOrientations_iPad = "UIInterfaceOrientationPortrait UIInterfaceOrientationPortraitUpsideDown UIInterfaceOrientationLandscapeLeft UIInterfaceOrientationLandscapeRight";
				INFOPLIST_KEY_UISupportedInterfaceOrientations_iPhone = "UIInterfaceOrientationPortrait UIInterfaceOrientationLandscapeLeft UIInterfaceOrientationLandscapeRight";
				LD_RUNPATH_SEARCH_PATHS = (
					"$(inherited)",
					"@executable_path/Frameworks",
				);
				MARKETING_VERSION = 1.0;
				PRODUCT_BUNDLE_IDENTIFIER = "Kuda-Zata.Models-Practical";
				PRODUCT_NAME = "$(TARGET_NAME)";
				SWIFT_EMIT_LOC_STRINGS = YES;
				SWIFT_VERSION = 5.0;
				TARGETED_DEVICE_FAMILY = "1,2";
			};
			name = Release;
		};
		D120038529B3FCA500EE579B /* Debug */ = {
			isa = XCBuildConfiguration;
			buildSettings = {
				ALWAYS_EMBED_SWIFT_STANDARD_LIBRARIES = YES;
				BUNDLE_LOADER = "$(TEST_HOST)";
				CODE_SIGN_STYLE = Automatic;
				CURRENT_PROJECT_VERSION = 1;
				DEVELOPMENT_TEAM = XG7JRH745R;
				GENERATE_INFOPLIST_FILE = YES;
				IPHONEOS_DEPLOYMENT_TARGET = 15.0;
				LD_RUNPATH_SEARCH_PATHS = (
					"$(inherited)",
					"@executable_path/Frameworks",
					"@loader_path/Frameworks",
				);
				MARKETING_VERSION = 1.0;
				PRODUCT_BUNDLE_IDENTIFIER = "Kuda-Zata.Models-PracticalTests";
				PRODUCT_NAME = "$(TARGET_NAME)";
				SWIFT_EMIT_LOC_STRINGS = NO;
				SWIFT_VERSION = 5.0;
				TARGETED_DEVICE_FAMILY = "1,2";
				TEST_HOST = "$(BUILT_PRODUCTS_DIR)/Models Practical.app/Models Practical";
			};
			name = Debug;
		};
		D120038629B3FCA500EE579B /* Release */ = {
			isa = XCBuildConfiguration;
			buildSettings = {
				ALWAYS_EMBED_SWIFT_STANDARD_LIBRARIES = YES;
				BUNDLE_LOADER = "$(TEST_HOST)";
				CODE_SIGN_STYLE = Automatic;
				CURRENT_PROJECT_VERSION = 1;
				DEVELOPMENT_TEAM = XG7JRH745R;
				GENERATE_INFOPLIST_FILE = YES;
				IPHONEOS_DEPLOYMENT_TARGET = 15.0;
				LD_RUNPATH_SEARCH_PATHS = (
					"$(inherited)",
					"@executable_path/Frameworks",
					"@loader_path/Frameworks",
				);
				MARKETING_VERSION = 1.0;
				PRODUCT_BUNDLE_IDENTIFIER = "Kuda-Zata.Models-PracticalTests";
				PRODUCT_NAME = "$(TARGET_NAME)";
				SWIFT_EMIT_LOC_STRINGS = NO;
				SWIFT_VERSION = 5.0;
				TARGETED_DEVICE_FAMILY = "1,2";
				TEST_HOST = "$(BUILT_PRODUCTS_DIR)/Models Practical.app/Models Practical";
			};
			name = Release;
		};
		D120038829B3FCA500EE579B /* Debug */ = {
			isa = XCBuildConfiguration;
			buildSettings = {
				ALWAYS_EMBED_SWIFT_STANDARD_LIBRARIES = YES;
				CODE_SIGN_STYLE = Automatic;
				CURRENT_PROJECT_VERSION = 1;
				DEVELOPMENT_TEAM = XG7JRH745R;
				GENERATE_INFOPLIST_FILE = YES;
				LD_RUNPATH_SEARCH_PATHS = (
					"$(inherited)",
					"@executable_path/Frameworks",
					"@loader_path/Frameworks",
				);
				MARKETING_VERSION = 1.0;
				PRODUCT_BUNDLE_IDENTIFIER = "Kuda-Zata.Models-PracticalUITests";
				PRODUCT_NAME = "$(TARGET_NAME)";
				SWIFT_EMIT_LOC_STRINGS = NO;
				SWIFT_VERSION = 5.0;
				TARGETED_DEVICE_FAMILY = "1,2";
				TEST_TARGET_NAME = "Models Practical";
			};
			name = Debug;
		};
		D120038929B3FCA500EE579B /* Release */ = {
			isa = XCBuildConfiguration;
			buildSettings = {
				ALWAYS_EMBED_SWIFT_STANDARD_LIBRARIES = YES;
				CODE_SIGN_STYLE = Automatic;
				CURRENT_PROJECT_VERSION = 1;
				DEVELOPMENT_TEAM = XG7JRH745R;
				GENERATE_INFOPLIST_FILE = YES;
				LD_RUNPATH_SEARCH_PATHS = (
					"$(inherited)",
					"@executable_path/Frameworks",
					"@loader_path/Frameworks",
				);
				MARKETING_VERSION = 1.0;
				PRODUCT_BUNDLE_IDENTIFIER = "Kuda-Zata.Models-PracticalUITests";
				PRODUCT_NAME = "$(TARGET_NAME)";
				SWIFT_EMIT_LOC_STRINGS = NO;
				SWIFT_VERSION = 5.0;
				TARGETED_DEVICE_FAMILY = "1,2";
				TEST_TARGET_NAME = "Models Practical";
			};
			name = Release;
		};
/* End XCBuildConfiguration section */

/* Begin XCConfigurationList section */
		D120035229B3FCA400EE579B /* Build configuration list for PBXProject "Models Practical" */ = {
			isa = XCConfigurationList;
			buildConfigurations = (
				D120037F29B3FCA500EE579B /* Debug */,
				D120038029B3FCA500EE579B /* Release */,
			);
			defaultConfigurationIsVisible = 0;
			defaultConfigurationName = Release;
		};
		D120038129B3FCA500EE579B /* Build configuration list for PBXNativeTarget "Models Practical" */ = {
			isa = XCConfigurationList;
			buildConfigurations = (
				D120038229B3FCA500EE579B /* Debug */,
				D120038329B3FCA500EE579B /* Release */,
			);
			defaultConfigurationIsVisible = 0;
			defaultConfigurationName = Release;
		};
		D120038429B3FCA500EE579B /* Build configuration list for PBXNativeTarget "Models PracticalTests" */ = {
			isa = XCConfigurationList;
			buildConfigurations = (
				D120038529B3FCA500EE579B /* Debug */,
				D120038629B3FCA500EE579B /* Release */,
			);
			defaultConfigurationIsVisible = 0;
			defaultConfigurationName = Release;
		};
		D120038729B3FCA500EE579B /* Build configuration list for PBXNativeTarget "Models PracticalUITests" */ = {
			isa = XCConfigurationList;
			buildConfigurations = (
				D120038829B3FCA500EE579B /* Debug */,
				D120038929B3FCA500EE579B /* Release */,
			);
			defaultConfigurationIsVisible = 0;
			defaultConfigurationName = Release;
		};
/* End XCConfigurationList section */
	};
	rootObject = D120034F29B3FCA400EE579B /* Project object */;
}
